// !$*UTF8*$!
{
	archiveVersion = 1;
	classes = {
	};
	objectVersion = 56;
	objects = {

/* Begin PBXBuildFile section */
		3B22DDA12B90DEB40057F0CE /* AppDelegate.swift in Sources */ = {isa = PBXBuildFile; fileRef = 3B22DDA02B90DEB40057F0CE /* AppDelegate.swift */; };
		3B22DDA32B90DEB40057F0CE /* SceneDelegate.swift in Sources */ = {isa = PBXBuildFile; fileRef = 3B22DDA22B90DEB40057F0CE /* SceneDelegate.swift */; };
		3B22DDA52B90DEB40057F0CE /* ViewController.swift in Sources */ = {isa = PBXBuildFile; fileRef = 3B22DDA42B90DEB40057F0CE /* ViewController.swift */; };
		3B22DDA82B90DEB40057F0CE /* Main.storyboard in Resources */ = {isa = PBXBuildFile; fileRef = 3B22DDA62B90DEB40057F0CE /* Main.storyboard */; };
		3B22DDAA2B90DEB80057F0CE /* Assets.xcassets in Resources */ = {isa = PBXBuildFile; fileRef = 3B22DDA92B90DEB80057F0CE /* Assets.xcassets */; };
		3B22DDAD2B90DEB80057F0CE /* LaunchScreen.storyboard in Resources */ = {isa = PBXBuildFile; fileRef = 3B22DDAB2B90DEB80057F0CE /* LaunchScreen.storyboard */; };
		3B22DDB82B90DEB80057F0CE /* MyUIKitTests.swift in Sources */ = {isa = PBXBuildFile; fileRef = 3B22DDB72B90DEB80057F0CE /* MyUIKitTests.swift */; };
		3B22DDC22B90DEB80057F0CE /* MyUIKitUITests.swift in Sources */ = {isa = PBXBuildFile; fileRef = 3B22DDC12B90DEB80057F0CE /* MyUIKitUITests.swift */; };
		3B22DDC42B90DEB80057F0CE /* MyUIKitUITestsLaunchTests.swift in Sources */ = {isa = PBXBuildFile; fileRef = 3B22DDC32B90DEB80057F0CE /* MyUIKitUITestsLaunchTests.swift */; };
		3B6AB3FA2B9626F300B5FA1F /* MyTableViewController.swift in Sources */ = {isa = PBXBuildFile; fileRef = 3B6AB3F72B9626F200B5FA1F /* MyTableViewController.swift */; };
		3B6AB3FB2B9626F300B5FA1F /* MyViewController.swift in Sources */ = {isa = PBXBuildFile; fileRef = 3B6AB3F82B9626F200B5FA1F /* MyViewController.swift */; };
		3B6AB3FC2B9626F300B5FA1F /* TodoViewController.swift in Sources */ = {isa = PBXBuildFile; fileRef = 3B6AB3F92B9626F200B5FA1F /* TodoViewController.swift */; };
/* End PBXBuildFile section */

/* Begin PBXContainerItemProxy section */
		3B22DDB42B90DEB80057F0CE /* PBXContainerItemProxy */ = {
			isa = PBXContainerItemProxy;
			containerPortal = 3B22DD952B90DEB40057F0CE /* Project object */;
			proxyType = 1;
			remoteGlobalIDString = 3B22DD9C2B90DEB40057F0CE;
			remoteInfo = MyUIKit;
		};
		3B22DDBE2B90DEB80057F0CE /* PBXContainerItemProxy */ = {
			isa = PBXContainerItemProxy;
			containerPortal = 3B22DD952B90DEB40057F0CE /* Project object */;
			proxyType = 1;
			remoteGlobalIDString = 3B22DD9C2B90DEB40057F0CE;
			remoteInfo = MyUIKit;
		};
/* End PBXContainerItemProxy section */

/* Begin PBXFileReference section */
		3B22DD9D2B90DEB40057F0CE /* MyUIKit.app */ = {isa = PBXFileReference; explicitFileType = wrapper.application; includeInIndex = 0; path = MyUIKit.app; sourceTree = BUILT_PRODUCTS_DIR; };
		3B22DDA02B90DEB40057F0CE /* AppDelegate.swift */ = {isa = PBXFileReference; lastKnownFileType = sourcecode.swift; path = AppDelegate.swift; sourceTree = "<group>"; };
		3B22DDA22B90DEB40057F0CE /* SceneDelegate.swift */ = {isa = PBXFileReference; lastKnownFileType = sourcecode.swift; path = SceneDelegate.swift; sourceTree = "<group>"; };
		3B22DDA42B90DEB40057F0CE /* ViewController.swift */ = {isa = PBXFileReference; lastKnownFileType = sourcecode.swift; path = ViewController.swift; sourceTree = "<group>"; };
		3B22DDA72B90DEB40057F0CE /* Base */ = {isa = PBXFileReference; lastKnownFileType = file.storyboard; name = Base; path = Base.lproj/Main.storyboard; sourceTree = "<group>"; };
		3B22DDA92B90DEB80057F0CE /* Assets.xcassets */ = {isa = PBXFileReference; lastKnownFileType = folder.assetcatalog; path = Assets.xcassets; sourceTree = "<group>"; };
		3B22DDAC2B90DEB80057F0CE /* Base */ = {isa = PBXFileReference; lastKnownFileType = file.storyboard; name = Base; path = Base.lproj/LaunchScreen.storyboard; sourceTree = "<group>"; };
		3B22DDAE2B90DEB80057F0CE /* Info.plist */ = {isa = PBXFileReference; lastKnownFileType = text.plist.xml; path = Info.plist; sourceTree = "<group>"; };
		3B22DDB32B90DEB80057F0CE /* MyUIKitTests.xctest */ = {isa = PBXFileReference; explicitFileType = wrapper.cfbundle; includeInIndex = 0; path = MyUIKitTests.xctest; sourceTree = BUILT_PRODUCTS_DIR; };
		3B22DDB72B90DEB80057F0CE /* MyUIKitTests.swift */ = {isa = PBXFileReference; lastKnownFileType = sourcecode.swift; path = MyUIKitTests.swift; sourceTree = "<group>"; };
		3B22DDBD2B90DEB80057F0CE /* MyUIKitUITests.xctest */ = {isa = PBXFileReference; explicitFileType = wrapper.cfbundle; includeInIndex = 0; path = MyUIKitUITests.xctest; sourceTree = BUILT_PRODUCTS_DIR; };
		3B22DDC12B90DEB80057F0CE /* MyUIKitUITests.swift */ = {isa = PBXFileReference; lastKnownFileType = sourcecode.swift; path = MyUIKitUITests.swift; sourceTree = "<group>"; };
		3B22DDC32B90DEB80057F0CE /* MyUIKitUITestsLaunchTests.swift */ = {isa = PBXFileReference; lastKnownFileType = sourcecode.swift; path = MyUIKitUITestsLaunchTests.swift; sourceTree = "<group>"; };
		3B6AB3F72B9626F200B5FA1F /* MyTableViewController.swift */ = {isa = PBXFileReference; fileEncoding = 4; lastKnownFileType = sourcecode.swift; path = MyTableViewController.swift; sourceTree = "<group>"; };
		3B6AB3F82B9626F200B5FA1F /* MyViewController.swift */ = {isa = PBXFileReference; fileEncoding = 4; lastKnownFileType = sourcecode.swift; path = MyViewController.swift; sourceTree = "<group>"; };
		3B6AB3F92B9626F200B5FA1F /* TodoViewController.swift */ = {isa = PBXFileReference; fileEncoding = 4; lastKnownFileType = sourcecode.swift; path = TodoViewController.swift; sourceTree = "<group>"; };
/* End PBXFileReference section */

/* Begin PBXFrameworksBuildPhase section */
		3B22DD9A2B90DEB40057F0CE /* Frameworks */ = {
			isa = PBXFrameworksBuildPhase;
			buildActionMask = 2147483647;
			files = (
			);
			runOnlyForDeploymentPostprocessing = 0;
		};
		3B22DDB02B90DEB80057F0CE /* Frameworks */ = {
			isa = PBXFrameworksBuildPhase;
			buildActionMask = 2147483647;
			files = (
			);
			runOnlyForDeploymentPostprocessing = 0;
		};
		3B22DDBA2B90DEB80057F0CE /* Frameworks */ = {
			isa = PBXFrameworksBuildPhase;
			buildActionMask = 2147483647;
			files = (
			);
			runOnlyForDeploymentPostprocessing = 0;
		};
/* End PBXFrameworksBuildPhase section */

/* Begin PBXGroup section */
		3B22DD942B90DEB40057F0CE = {
			isa = PBXGroup;
			children = (
				3B22DD9F2B90DEB40057F0CE /* MyUIKit */,
				3B22DDB62B90DEB80057F0CE /* MyUIKitTests */,
				3B22DDC02B90DEB80057F0CE /* MyUIKitUITests */,
				3B22DD9E2B90DEB40057F0CE /* Products */,
			);
			sourceTree = "<group>";
		};
		3B22DD9E2B90DEB40057F0CE /* Products */ = {
			isa = PBXGroup;
			children = (
				3B22DD9D2B90DEB40057F0CE /* MyUIKit.app */,
				3B22DDB32B90DEB80057F0CE /* MyUIKitTests.xctest */,
				3B22DDBD2B90DEB80057F0CE /* MyUIKitUITests.xctest */,
			);
			name = Products;
			sourceTree = "<group>";
		};
		3B22DD9F2B90DEB40057F0CE /* MyUIKit */ = {
			isa = PBXGroup;
			children = (
				3B22DDA02B90DEB40057F0CE /* AppDelegate.swift */,
				3B22DDA22B90DEB40057F0CE /* SceneDelegate.swift */,
				3B22DDA42B90DEB40057F0CE /* ViewController.swift */,
				3B22DDA62B90DEB40057F0CE /* Main.storyboard */,
				3B6AB3F72B9626F200B5FA1F /* MyTableViewController.swift */,
				3B6AB3F82B9626F200B5FA1F /* MyViewController.swift */,
				3B6AB3F92B9626F200B5FA1F /* TodoViewController.swift */,
				3B22DDA92B90DEB80057F0CE /* Assets.xcassets */,
				3B22DDAB2B90DEB80057F0CE /* LaunchScreen.storyboard */,
				3B22DDAE2B90DEB80057F0CE /* Info.plist */,
			);
			path = MyUIKit;
			sourceTree = "<group>";
		};
		3B22DDB62B90DEB80057F0CE /* MyUIKitTests */ = {
			isa = PBXGroup;
			children = (
				3B22DDB72B90DEB80057F0CE /* MyUIKitTests.swift */,
			);
			path = MyUIKitTests;
			sourceTree = "<group>";
		};
		3B22DDC02B90DEB80057F0CE /* MyUIKitUITests */ = {
			isa = PBXGroup;
			children = (
				3B22DDC12B90DEB80057F0CE /* MyUIKitUITests.swift */,
				3B22DDC32B90DEB80057F0CE /* MyUIKitUITestsLaunchTests.swift */,
			);
			path = MyUIKitUITests;
			sourceTree = "<group>";
		};
/* End PBXGroup section */

/* Begin PBXNativeTarget section */
		3B22DD9C2B90DEB40057F0CE /* MyUIKit */ = {
			isa = PBXNativeTarget;
			buildConfigurationList = 3B22DDC72B90DEB80057F0CE /* Build configuration list for PBXNativeTarget "MyUIKit" */;
			buildPhases = (
				3B22DD992B90DEB40057F0CE /* Sources */,
				3B22DD9A2B90DEB40057F0CE /* Frameworks */,
				3B22DD9B2B90DEB40057F0CE /* Resources */,
			);
			buildRules = (
			);
			dependencies = (
			);
			name = MyUIKit;
			productName = MyUIKit;
			productReference = 3B22DD9D2B90DEB40057F0CE /* MyUIKit.app */;
			productType = "com.apple.product-type.application";
		};
		3B22DDB22B90DEB80057F0CE /* MyUIKitTests */ = {
			isa = PBXNativeTarget;
			buildConfigurationList = 3B22DDCA2B90DEB80057F0CE /* Build configuration list for PBXNativeTarget "MyUIKitTests" */;
			buildPhases = (
				3B22DDAF2B90DEB80057F0CE /* Sources */,
				3B22DDB02B90DEB80057F0CE /* Frameworks */,
				3B22DDB12B90DEB80057F0CE /* Resources */,
			);
			buildRules = (
			);
			dependencies = (
				3B22DDB52B90DEB80057F0CE /* PBXTargetDependency */,
			);
			name = MyUIKitTests;
			productName = MyUIKitTests;
			productReference = 3B22DDB32B90DEB80057F0CE /* MyUIKitTests.xctest */;
			productType = "com.apple.product-type.bundle.unit-test";
		};
		3B22DDBC2B90DEB80057F0CE /* MyUIKitUITests */ = {
			isa = PBXNativeTarget;
			buildConfigurationList = 3B22DDCD2B90DEB80057F0CE /* Build configuration list for PBXNativeTarget "MyUIKitUITests" */;
			buildPhases = (
				3B22DDB92B90DEB80057F0CE /* Sources */,
				3B22DDBA2B90DEB80057F0CE /* Frameworks */,
				3B22DDBB2B90DEB80057F0CE /* Resources */,
			);
			buildRules = (
			);
			dependencies = (
				3B22DDBF2B90DEB80057F0CE /* PBXTargetDependency */,
			);
			name = MyUIKitUITests;
			productName = MyUIKitUITests;
			productReference = 3B22DDBD2B90DEB80057F0CE /* MyUIKitUITests.xctest */;
			productType = "com.apple.product-type.bundle.ui-testing";
		};
/* End PBXNativeTarget section */

/* Begin PBXProject section */
		3B22DD952B90DEB40057F0CE /* Project object */ = {
			isa = PBXProject;
			attributes = {
				BuildIndependentTargetsInParallel = 1;
				LastSwiftUpdateCheck = 1520;
				LastUpgradeCheck = 1520;
				TargetAttributes = {
					3B22DD9C2B90DEB40057F0CE = {
						CreatedOnToolsVersion = 15.2;
					};
					3B22DDB22B90DEB80057F0CE = {
						CreatedOnToolsVersion = 15.2;
						TestTargetID = 3B22DD9C2B90DEB40057F0CE;
					};
					3B22DDBC2B90DEB80057F0CE = {
						CreatedOnToolsVersion = 15.2;
						TestTargetID = 3B22DD9C2B90DEB40057F0CE;
					};
				};
			};
			buildConfigurationList = 3B22DD982B90DEB40057F0CE /* Build configuration list for PBXProject "MyUIKit" */;
			compatibilityVersion = "Xcode 14.0";
			developmentRegion = en;
			hasScannedForEncodings = 0;
			knownRegions = (
				en,
				Base,
			);
			mainGroup = 3B22DD942B90DEB40057F0CE;
			productRefGroup = 3B22DD9E2B90DEB40057F0CE /* Products */;
			projectDirPath = "";
			projectRoot = "";
			targets = (
				3B22DD9C2B90DEB40057F0CE /* MyUIKit */,
				3B22DDB22B90DEB80057F0CE /* MyUIKitTests */,
				3B22DDBC2B90DEB80057F0CE /* MyUIKitUITests */,
			);
		};
/* End PBXProject section */

/* Begin PBXResourcesBuildPhase section */
		3B22DD9B2B90DEB40057F0CE /* Resources */ = {
			isa = PBXResourcesBuildPhase;
			buildActionMask = 2147483647;
			files = (
				3B22DDAD2B90DEB80057F0CE /* LaunchScreen.storyboard in Resources */,
				3B22DDAA2B90DEB80057F0CE /* Assets.xcassets in Resources */,
				3B22DDA82B90DEB40057F0CE /* Main.storyboard in Resources */,
			);
			runOnlyForDeploymentPostprocessing = 0;
		};
		3B22DDB12B90DEB80057F0CE /* Resources */ = {
			isa = PBXResourcesBuildPhase;
			buildActionMask = 2147483647;
			files = (
			);
			runOnlyForDeploymentPostprocessing = 0;
		};
		3B22DDBB2B90DEB80057F0CE /* Resources */ = {
			isa = PBXResourcesBuildPhase;
			buildActionMask = 2147483647;
			files = (
			);
			runOnlyForDeploymentPostprocessing = 0;
		};
/* End PBXResourcesBuildPhase section */

/* Begin PBXSourcesBuildPhase section */
		3B22DD992B90DEB40057F0CE /* Sources */ = {
			isa = PBXSourcesBuildPhase;
			buildActionMask = 2147483647;
			files = (
				3B22DDA52B90DEB40057F0CE /* ViewController.swift in Sources */,
				3B22DDA12B90DEB40057F0CE /* AppDelegate.swift in Sources */,
				3B22DDA32B90DEB40057F0CE /* SceneDelegate.swift in Sources */,
				3B6AB3FB2B9626F300B5FA1F /* MyViewController.swift in Sources */,
				3B6AB3FC2B9626F300B5FA1F /* TodoViewController.swift in Sources */,
				3B6AB3FA2B9626F300B5FA1F /* MyTableViewController.swift in Sources */,
			);
			runOnlyForDeploymentPostprocessing = 0;
		};
		3B22DDAF2B90DEB80057F0CE /* Sources */ = {
			isa = PBXSourcesBuildPhase;
			buildActionMask = 2147483647;
			files = (
				3B22DDB82B90DEB80057F0CE /* MyUIKitTests.swift in Sources */,
			);
			runOnlyForDeploymentPostprocessing = 0;
		};
		3B22DDB92B90DEB80057F0CE /* Sources */ = {
			isa = PBXSourcesBuildPhase;
			buildActionMask = 2147483647;
			files = (
				3B22DDC22B90DEB80057F0CE /* MyUIKitUITests.swift in Sources */,
				3B22DDC42B90DEB80057F0CE /* MyUIKitUITestsLaunchTests.swift in Sources */,
			);
			runOnlyForDeploymentPostprocessing = 0;
		};
/* End PBXSourcesBuildPhase section */

/* Begin PBXTargetDependency section */
		3B22DDB52B90DEB80057F0CE /* PBXTargetDependency */ = {
			isa = PBXTargetDependency;
			target = 3B22DD9C2B90DEB40057F0CE /* MyUIKit */;
			targetProxy = 3B22DDB42B90DEB80057F0CE /* PBXContainerItemProxy */;
		};
		3B22DDBF2B90DEB80057F0CE /* PBXTargetDependency */ = {
			isa = PBXTargetDependency;
			target = 3B22DD9C2B90DEB40057F0CE /* MyUIKit */;
			targetProxy = 3B22DDBE2B90DEB80057F0CE /* PBXContainerItemProxy */;
		};
/* End PBXTargetDependency section */

/* Begin PBXVariantGroup section */
		3B22DDA62B90DEB40057F0CE /* Main.storyboard */ = {
			isa = PBXVariantGroup;
			children = (
				3B22DDA72B90DEB40057F0CE /* Base */,
			);
			name = Main.storyboard;
			sourceTree = "<group>";
		};
		3B22DDAB2B90DEB80057F0CE /* LaunchScreen.storyboard */ = {
			isa = PBXVariantGroup;
			children = (
				3B22DDAC2B90DEB80057F0CE /* Base */,
			);
			name = LaunchScreen.storyboard;
			sourceTree = "<group>";
		};
/* End PBXVariantGroup section */

/* Begin XCBuildConfiguration section */
		3B22DDC52B90DEB80057F0CE /* Debug */ = {
			isa = XCBuildConfiguration;
			buildSettings = {
				ALWAYS_SEARCH_USER_PATHS = NO;
				ASSETCATALOG_COMPILER_GENERATE_SWIFT_ASSET_SYMBOL_EXTENSIONS = YES;
				CLANG_ANALYZER_NONNULL = YES;
				CLANG_ANALYZER_NUMBER_OBJECT_CONVERSION = YES_AGGRESSIVE;
				CLANG_CXX_LANGUAGE_STANDARD = "gnu++20";
				CLANG_ENABLE_MODULES = YES;
				CLANG_ENABLE_OBJC_ARC = YES;
				CLANG_ENABLE_OBJC_WEAK = YES;
				CLANG_WARN_BLOCK_CAPTURE_AUTORELEASING = YES;
				CLANG_WARN_BOOL_CONVERSION = YES;
				CLANG_WARN_COMMA = YES;
				CLANG_WARN_CONSTANT_CONVERSION = YES;
				CLANG_WARN_DEPRECATED_OBJC_IMPLEMENTATIONS = YES;
				CLANG_WARN_DIRECT_OBJC_ISA_USAGE = YES_ERROR;
				CLANG_WARN_DOCUMENTATION_COMMENTS = YES;
				CLANG_WARN_EMPTY_BODY = YES;
				CLANG_WARN_ENUM_CONVERSION = YES;
				CLANG_WARN_INFINITE_RECURSION = YES;
				CLANG_WARN_INT_CONVERSION = YES;
				CLANG_WARN_NON_LITERAL_NULL_CONVERSION = YES;
				CLANG_WARN_OBJC_IMPLICIT_RETAIN_SELF = YES;
				CLANG_WARN_OBJC_LITERAL_CONVERSION = YES;
				CLANG_WARN_OBJC_ROOT_CLASS = YES_ERROR;
				CLANG_WARN_QUOTED_INCLUDE_IN_FRAMEWORK_HEADER = YES;
				CLANG_WARN_RANGE_LOOP_ANALYSIS = YES;
				CLANG_WARN_STRICT_PROTOTYPES = YES;
				CLANG_WARN_SUSPICIOUS_MOVE = YES;
				CLANG_WARN_UNGUARDED_AVAILABILITY = YES_AGGRESSIVE;
				CLANG_WARN_UNREACHABLE_CODE = YES;
				CLANG_WARN__DUPLICATE_METHOD_MATCH = YES;
				COPY_PHASE_STRIP = NO;
				DEBUG_INFORMATION_FORMAT = dwarf;
				ENABLE_STRICT_OBJC_MSGSEND = YES;
				ENABLE_TESTABILITY = YES;
				ENABLE_USER_SCRIPT_SANDBOXING = YES;
				GCC_C_LANGUAGE_STANDARD = gnu17;
				GCC_DYNAMIC_NO_PIC = NO;
				GCC_NO_COMMON_BLOCKS = YES;
				GCC_OPTIMIZATION_LEVEL = 0;
				GCC_PREPROCESSOR_DEFINITIONS = (
					"DEBUG=1",
					"$(inherited)",
				);
				GCC_WARN_64_TO_32_BIT_CONVERSION = YES;
				GCC_WARN_ABOUT_RETURN_TYPE = YES_ERROR;
				GCC_WARN_UNDECLARED_SELECTOR = YES;
				GCC_WARN_UNINITIALIZED_AUTOS = YES_AGGRESSIVE;
				GCC_WARN_UNUSED_FUNCTION = YES;
				GCC_WARN_UNUSED_VARIABLE = YES;
				IPHONEOS_DEPLOYMENT_TARGET = 17.2;
				LOCALIZATION_PREFERS_STRING_CATALOGS = YES;
				MTL_ENABLE_DEBUG_INFO = INCLUDE_SOURCE;
				MTL_FAST_MATH = YES;
				ONLY_ACTIVE_ARCH = YES;
				SDKROOT = iphoneos;
				SWIFT_ACTIVE_COMPILATION_CONDITIONS = "DEBUG $(inherited)";
				SWIFT_OPTIMIZATION_LEVEL = "-Onone";
			};
			name = Debug;
		};
		3B22DDC62B90DEB80057F0CE /* Release */ = {
			isa = XCBuildConfiguration;
			buildSettings = {
				ALWAYS_SEARCH_USER_PATHS = NO;
				ASSETCATALOG_COMPILER_GENERATE_SWIFT_ASSET_SYMBOL_EXTENSIONS = YES;
				CLANG_ANALYZER_NONNULL = YES;
				CLANG_ANALYZER_NUMBER_OBJECT_CONVERSION = YES_AGGRESSIVE;
				CLANG_CXX_LANGUAGE_STANDARD = "gnu++20";
				CLANG_ENABLE_MODULES = YES;
				CLANG_ENABLE_OBJC_ARC = YES;
				CLANG_ENABLE_OBJC_WEAK = YES;
				CLANG_WARN_BLOCK_CAPTURE_AUTORELEASING = YES;
				CLANG_WARN_BOOL_CONVERSION = YES;
				CLANG_WARN_COMMA = YES;
				CLANG_WARN_CONSTANT_CONVERSION = YES;
				CLANG_WARN_DEPRECATED_OBJC_IMPLEMENTATIONS = YES;
				CLANG_WARN_DIRECT_OBJC_ISA_USAGE = YES_ERROR;
				CLANG_WARN_DOCUMENTATION_COMMENTS = YES;
				CLANG_WARN_EMPTY_BODY = YES;
				CLANG_WARN_ENUM_CONVERSION = YES;
				CLANG_WARN_INFINITE_RECURSION = YES;
				CLANG_WARN_INT_CONVERSION = YES;
				CLANG_WARN_NON_LITERAL_NULL_CONVERSION = YES;
				CLANG_WARN_OBJC_IMPLICIT_RETAIN_SELF = YES;
				CLANG_WARN_OBJC_LITERAL_CONVERSION = YES;
				CLANG_WARN_OBJC_ROOT_CLASS = YES_ERROR;
				CLANG_WARN_QUOTED_INCLUDE_IN_FRAMEWORK_HEADER = YES;
				CLANG_WARN_RANGE_LOOP_ANALYSIS = YES;
				CLANG_WARN_STRICT_PROTOTYPES = YES;
				CLANG_WARN_SUSPICIOUS_MOVE = YES;
				CLANG_WARN_UNGUARDED_AVAILABILITY = YES_AGGRESSIVE;
				CLANG_WARN_UNREACHABLE_CODE = YES;
				CLANG_WARN__DUPLICATE_METHOD_MATCH = YES;
				COPY_PHASE_STRIP = NO;
				DEBUG_INFORMATION_FORMAT = "dwarf-with-dsym";
				ENABLE_NS_ASSERTIONS = NO;
				ENABLE_STRICT_OBJC_MSGSEND = YES;
				ENABLE_USER_SCRIPT_SANDBOXING = YES;
				GCC_C_LANGUAGE_STANDARD = gnu17;
				GCC_NO_COMMON_BLOCKS = YES;
				GCC_WARN_64_TO_32_BIT_CONVERSION = YES;
				GCC_WARN_ABOUT_RETURN_TYPE = YES_ERROR;
				GCC_WARN_UNDECLARED_SELECTOR = YES;
				GCC_WARN_UNINITIALIZED_AUTOS = YES_AGGRESSIVE;
				GCC_WARN_UNUSED_FUNCTION = YES;
				GCC_WARN_UNUSED_VARIABLE = YES;
				IPHONEOS_DEPLOYMENT_TARGET = 17.2;
				LOCALIZATION_PREFERS_STRING_CATALOGS = YES;
				MTL_ENABLE_DEBUG_INFO = NO;
				MTL_FAST_MATH = YES;
				SDKROOT = iphoneos;
				SWIFT_COMPILATION_MODE = wholemodule;
				VALIDATE_PRODUCT = YES;
			};
			name = Release;
		};
		3B22DDC82B90DEB80057F0CE /* Debug */ = {
			isa = XCBuildConfiguration;
			buildSettings = {
				ASSETCATALOG_COMPILER_APPICON_NAME = AppIcon;
				ASSETCATALOG_COMPILER_GLOBAL_ACCENT_COLOR_NAME = AccentColor;
				CODE_SIGN_STYLE = Automatic;
				CURRENT_PROJECT_VERSION = 1;
				DEVELOPMENT_TEAM = DGQ8WLKT8J;
				GENERATE_INFOPLIST_FILE = YES;
				INFOPLIST_FILE = MyUIKit/Info.plist;
				INFOPLIST_KEY_UIApplicationSupportsIndirectInputEvents = YES;
				INFOPLIST_KEY_UILaunchStoryboardName = LaunchScreen;
				INFOPLIST_KEY_UIMainStoryboardFile = Main;
				INFOPLIST_KEY_UISupportedInterfaceOrientations_iPad = "UIInterfaceOrientationPortrait UIInterfaceOrientationPortraitUpsideDown UIInterfaceOrientationLandscapeLeft UIInterfaceOrientationLandscapeRight";
				INFOPLIST_KEY_UISupportedInterfaceOrientations_iPhone = "UIInterfaceOrientationPortrait UIInterfaceOrientationLandscapeLeft UIInterfaceOrientationLandscapeRight";
				LD_RUNPATH_SEARCH_PATHS = (
					"$(inherited)",
					"@executable_path/Frameworks",
				);
				MARKETING_VERSION = 1.0;
				PRODUCT_BUNDLE_IDENTIFIER = Swift.MyUIKit;
				PRODUCT_NAME = "$(TARGET_NAME)";
				SWIFT_EMIT_LOC_STRINGS = YES;
				SWIFT_VERSION = 5.0;
				TARGETED_DEVICE_FAMILY = "1,2";
			};
			name = Debug;
		};
		3B22DDC92B90DEB80057F0CE /* Release */ = {
			isa = XCBuildConfiguration;
			buildSettings = {
				ASSETCATALOG_COMPILER_APPICON_NAME = AppIcon;
				ASSETCATALOG_COMPILER_GLOBAL_ACCENT_COLOR_NAME = AccentColor;
				CODE_SIGN_STYLE = Automatic;
				CURRENT_PROJECT_VERSION = 1;
				DEVELOPMENT_TEAM = DGQ8WLKT8J;
				GENERATE_INFOPLIST_FILE = YES;
				INFOPLIST_FILE = MyUIKit/Info.plist;
				INFOPLIST_KEY_UIApplicationSupportsIndirectInputEvents = YES;
				INFOPLIST_KEY_UILaunchStoryboardName = LaunchScreen;
				INFOPLIST_KEY_UIMainStoryboardFile = Main;
				INFOPLIST_KEY_UISupportedInterfaceOrientations_iPad = "UIInterfaceOrientationPortrait UIInterfaceOrientationPortraitUpsideDown UIInterfaceOrientationLandscapeLeft UIInterfaceOrientationLandscapeRight";
				INFOPLIST_KEY_UISupportedInterfaceOrientations_iPhone = "UIInterfaceOrientationPortrait UIInterfaceOrientationLandscapeLeft UIInterfaceOrientationLandscapeRight";
				LD_RUNPATH_SEARCH_PATHS = (
					"$(inherited)",
					"@executable_path/Frameworks",
				);
				MARKETING_VERSION = 1.0;
				PRODUCT_BUNDLE_IDENTIFIER = Swift.MyUIKit;
				PRODUCT_NAME = "$(TARGET_NAME)";
				SWIFT_EMIT_LOC_STRINGS = YES;
				SWIFT_VERSION = 5.0;
				TARGETED_DEVICE_FAMILY = "1,2";
			};
			name = Release;
		};
		3B22DDCB2B90DEB80057F0CE /* Debug */ = {
			isa = XCBuildConfiguration;
			buildSettings = {
				ALWAYS_EMBED_SWIFT_STANDARD_LIBRARIES = YES;
				BUNDLE_LOADER = "$(TEST_HOST)";
				CODE_SIGN_STYLE = Automatic;
				CURRENT_PROJECT_VERSION = 1;
				DEVELOPMENT_TEAM = DGQ8WLKT8J;
				GENERATE_INFOPLIST_FILE = YES;
				IPHONEOS_DEPLOYMENT_TARGET = 17.2;
				MARKETING_VERSION = 1.0;
				PRODUCT_BUNDLE_IDENTIFIER = Swift.MyUIKitTests;
				PRODUCT_NAME = "$(TARGET_NAME)";
				SWIFT_EMIT_LOC_STRINGS = NO;
				SWIFT_VERSION = 5.0;
				TARGETED_DEVICE_FAMILY = "1,2";
				TEST_HOST = "$(BUILT_PRODUCTS_DIR)/MyUIKit.app/$(BUNDLE_EXECUTABLE_FOLDER_PATH)/MyUIKit";
			};
			name = Debug;
		};
		3B22DDCC2B90DEB80057F0CE /* Release */ = {
			isa = XCBuildConfiguration;
			buildSettings = {
				ALWAYS_EMBED_SWIFT_STANDARD_LIBRARIES = YES;
				BUNDLE_LOADER = "$(TEST_HOST)";
				CODE_SIGN_STYLE = Automatic;
				CURRENT_PROJECT_VERSION = 1;
				DEVELOPMENT_TEAM = DGQ8WLKT8J;
				GENERATE_INFOPLIST_FILE = YES;
				IPHONEOS_DEPLOYMENT_TARGET = 17.2;
				MARKETING_VERSION = 1.0;
				PRODUCT_BUNDLE_IDENTIFIER = Swift.MyUIKitTests;
				PRODUCT_NAME = "$(TARGET_NAME)";
				SWIFT_EMIT_LOC_STRINGS = NO;
				SWIFT_VERSION = 5.0;
				TARGETED_DEVICE_FAMILY = "1,2";
				TEST_HOST = "$(BUILT_PRODUCTS_DIR)/MyUIKit.app/$(BUNDLE_EXECUTABLE_FOLDER_PATH)/MyUIKit";
			};
			name = Release;
		};
		3B22DDCE2B90DEB80057F0CE /* Debug */ = {
			isa = XCBuildConfiguration;
			buildSettings = {
				ALWAYS_EMBED_SWIFT_STANDARD_LIBRARIES = YES;
				CODE_SIGN_STYLE = Automatic;
				CURRENT_PROJECT_VERSION = 1;
				DEVELOPMENT_TEAM = DGQ8WLKT8J;
				GENERATE_INFOPLIST_FILE = YES;
				MARKETING_VERSION = 1.0;
				PRODUCT_BUNDLE_IDENTIFIER = Swift.MyUIKitUITests;
				PRODUCT_NAME = "$(TARGET_NAME)";
				SWIFT_EMIT_LOC_STRINGS = NO;
				SWIFT_VERSION = 5.0;
				TARGETED_DEVICE_FAMILY = "1,2";
				TEST_TARGET_NAME = MyUIKit;
			};
			name = Debug;
		};
		3B22DDCF2B90DEB80057F0CE /* Release */ = {
			isa = XCBuildConfiguration;
			buildSettings = {
				ALWAYS_EMBED_SWIFT_STANDARD_LIBRARIES = YES;
				CODE_SIGN_STYLE = Automatic;
				CURRENT_PROJECT_VERSION = 1;
				DEVELOPMENT_TEAM = DGQ8WLKT8J;
				GENERATE_INFOPLIST_FILE = YES;
				MARKETING_VERSION = 1.0;
				PRODUCT_BUNDLE_IDENTIFIER = Swift.MyUIKitUITests;
				PRODUCT_NAME = "$(TARGET_NAME)";
				SWIFT_EMIT_LOC_STRINGS = NO;
				SWIFT_VERSION = 5.0;
				TARGETED_DEVICE_FAMILY = "1,2";
				TEST_TARGET_NAME = MyUIKit;
			};
			name = Release;
		};
/* End XCBuildConfiguration section */

/* Begin XCConfigurationList section */
		3B22DD982B90DEB40057F0CE /* Build configuration list for PBXProject "MyUIKit" */ = {
			isa = XCConfigurationList;
			buildConfigurations = (
				3B22DDC52B90DEB80057F0CE /* Debug */,
				3B22DDC62B90DEB80057F0CE /* Release */,
			);
			defaultConfigurationIsVisible = 0;
			defaultConfigurationName = Release;
		};
		3B22DDC72B90DEB80057F0CE /* Build configuration list for PBXNativeTarget "MyUIKit" */ = {
			isa = XCConfigurationList;
			buildConfigurations = (
				3B22DDC82B90DEB80057F0CE /* Debug */,
				3B22DDC92B90DEB80057F0CE /* Release */,
			);
			defaultConfigurationIsVisible = 0;
			defaultConfigurationName = Release;
		};
		3B22DDCA2B90DEB80057F0CE /* Build configuration list for PBXNativeTarget "MyUIKitTests" */ = {
			isa = XCConfigurationList;
			buildConfigurations = (
				3B22DDCB2B90DEB80057F0CE /* Debug */,
				3B22DDCC2B90DEB80057F0CE /* Release */,
			);
			defaultConfigurationIsVisible = 0;
			defaultConfigurationName = Release;
		};
		3B22DDCD2B90DEB80057F0CE /* Build configuration list for PBXNativeTarget "MyUIKitUITests" */ = {
			isa = XCConfigurationList;
			buildConfigurations = (
				3B22DDCE2B90DEB80057F0CE /* Debug */,
				3B22DDCF2B90DEB80057F0CE /* Release */,
			);
			defaultConfigurationIsVisible = 0;
			defaultConfigurationName = Release;
		};
/* End XCConfigurationList section */
	};
	rootObject = 3B22DD952B90DEB40057F0CE /* Project object */;
}
